
Microsoft Visual Studio Solution File, Format Version 12.00
# Visual Studio 15
VisualStudioVersion = 15.0.28307.168
MinimumVisualStudioVersion = 10.0.40219.1
Project("{D954291E-2A0B-460D-934E-DC6B0785DB48}") = "UnoStandardRefTest.Shared", "UnoStandardRefTest\UnoStandardRefTest.Shared\UnoStandardRefTest.Shared.shproj", "{6279C845-92F8-4333-AB99-3D213163593C}"
EndProject
Project("{FAE04EC0-301F-11D3-BF4B-00C04F79EFBC}") = "UnoStandardRefTest.Droid", "UnoStandardRefTest\UnoStandardRefTest.Droid\UnoStandardRefTest.Droid.csproj", "{AB9D86FB-993D-48B6-9A1A-D3BF6FE2D14F}"
EndProject
Project("{FAE04EC0-301F-11D3-BF4B-00C04F79EFBC}") = "UnoStandardRefTest.iOS", "UnoStandardRefTest\UnoStandardRefTest.iOS\UnoStandardRefTest.iOS.csproj", "{D96933D4-A21E-4ED0-8B06-CDFA00DD8378}"
EndProject
Project("{FAE04EC0-301F-11D3-BF4B-00C04F79EFBC}") = "UnoStandardRefTest.UWP", "UnoStandardRefTest\UnoStandardRefTest.UWP\UnoStandardRefTest.UWP.csproj", "{58860A80-9AB8-4202-87B9-DAD6180AA1F5}"
EndProject
Project("{9A19103F-16F7-4668-BE54-9A1E7A4F7556}") = "UnoStandardRefTest.Wasm", "UnoStandardRefTest\UnoStandardRefTest.Wasm\UnoStandardRefTest.Wasm.csproj", "{9AFF3037-E4BD-4101-84E9-953B93803EAE}"
EndProject
Project("{9A19103F-16F7-4668-BE54-9A1E7A4F7556}") = "UnoLib", "UnoLib\UnoLib.csproj", "{3B02FF83-ED49-43E7-B094-A5B12C30A61E}"
EndProject
Global
	GlobalSection(SharedMSBuildProjectFiles) = preSolution
		UnoStandardRefTest\UnoStandardRefTest.Shared\UnoStandardRefTest.Shared.projitems*{58860a80-9ab8-4202-87b9-dad6180aa1f5}*SharedItemsImports = 4
		UnoStandardRefTest\UnoStandardRefTest.Shared\UnoStandardRefTest.Shared.projitems*{6279c845-92f8-4333-ab99-3d213163593c}*SharedItemsImports = 13
	EndGlobalSection
	GlobalSection(SolutionConfigurationPlatforms) = preSolution
		Ad-Hoc|Any CPU = Ad-Hoc|Any CPU
		Ad-Hoc|ARM = Ad-Hoc|ARM
		Ad-Hoc|iPhone = Ad-Hoc|iPhone
		Ad-Hoc|iPhoneSimulator = Ad-Hoc|iPhoneSimulator
		Ad-Hoc|x64 = Ad-Hoc|x64
		Ad-Hoc|x86 = Ad-Hoc|x86
		AppStore|Any CPU = AppStore|Any CPU
		AppStore|ARM = AppStore|ARM
		AppStore|iPhone = AppStore|iPhone
		AppStore|iPhoneSimulator = AppStore|iPhoneSimulator
		AppStore|x64 = AppStore|x64
		AppStore|x86 = AppStore|x86
		Debug|Any CPU = Debug|Any CPU
		Debug|ARM = Debug|ARM
		Debug|iPhone = Debug|iPhone
		Debug|iPhoneSimulator = Debug|iPhoneSimulator
		Debug|x64 = Debug|x64
		Debug|x86 = Debug|x86
		Release|Any CPU = Release|Any CPU
		Release|ARM = Release|ARM
		Release|iPhone = Release|iPhone
		Release|iPhoneSimulator = Release|iPhoneSimulator
		Release|x64 = Release|x64
		Release|x86 = Release|x86
	EndGlobalSection
	GlobalSection(ProjectConfigurationPlatforms) = postSolution
		{AB9D86FB-993D-48B6-9A1A-D3BF6FE2D14F}.Ad-Hoc|Any CPU.ActiveCfg = Release|Any CPU
		{AB9D86FB-993D-48B6-9A1A-D3BF6FE2D14F}.Ad-Hoc|Any CPU.Build.0 = Release|Any CPU
		{AB9D86FB-993D-48B6-9A1A-D3BF6FE2D14F}.Ad-Hoc|Any CPU.Deploy.0 = Release|Any CPU
		{AB9D86FB-993D-48B6-9A1A-D3BF6FE2D14F}.Ad-Hoc|ARM.ActiveCfg = Release|Any CPU
		{AB9D86FB-993D-48B6-9A1A-D3BF6FE2D14F}.Ad-Hoc|ARM.Build.0 = Release|Any CPU
		{AB9D86FB-993D-48B6-9A1A-D3BF6FE2D14F}.Ad-Hoc|ARM.Deploy.0 = Release|Any CPU
		{AB9D86FB-993D-48B6-9A1A-D3BF6FE2D14F}.Ad-Hoc|iPhone.ActiveCfg = Release|Any CPU
		{AB9D86FB-993D-48B6-9A1A-D3BF6FE2D14F}.Ad-Hoc|iPhone.Build.0 = Release|Any CPU
		{AB9D86FB-993D-48B6-9A1A-D3BF6FE2D14F}.Ad-Hoc|iPhone.Deploy.0 = Release|Any CPU
		{AB9D86FB-993D-48B6-9A1A-D3BF6FE2D14F}.Ad-Hoc|iPhoneSimulator.ActiveCfg = Release|Any CPU
		{AB9D86FB-993D-48B6-9A1A-D3BF6FE2D14F}.Ad-Hoc|iPhoneSimulator.Build.0 = Release|Any CPU
		{AB9D86FB-993D-48B6-9A1A-D3BF6FE2D14F}.Ad-Hoc|iPhoneSimulator.Deploy.0 = Release|Any CPU
		{AB9D86FB-993D-48B6-9A1A-D3BF6FE2D14F}.Ad-Hoc|x64.ActiveCfg = Release|Any CPU
		{AB9D86FB-993D-48B6-9A1A-D3BF6FE2D14F}.Ad-Hoc|x64.Build.0 = Release|Any CPU
		{AB9D86FB-993D-48B6-9A1A-D3BF6FE2D14F}.Ad-Hoc|x64.Deploy.0 = Release|Any CPU
		{AB9D86FB-993D-48B6-9A1A-D3BF6FE2D14F}.Ad-Hoc|x86.ActiveCfg = Release|Any CPU
		{AB9D86FB-993D-48B6-9A1A-D3BF6FE2D14F}.Ad-Hoc|x86.Build.0 = Release|Any CPU
		{AB9D86FB-993D-48B6-9A1A-D3BF6FE2D14F}.Ad-Hoc|x86.Deploy.0 = Release|Any CPU
		{AB9D86FB-993D-48B6-9A1A-D3BF6FE2D14F}.AppStore|Any CPU.ActiveCfg = Release|Any CPU
		{AB9D86FB-993D-48B6-9A1A-D3BF6FE2D14F}.AppStore|Any CPU.Build.0 = Release|Any CPU
		{AB9D86FB-993D-48B6-9A1A-D3BF6FE2D14F}.AppStore|Any CPU.Deploy.0 = Release|Any CPU
		{AB9D86FB-993D-48B6-9A1A-D3BF6FE2D14F}.AppStore|ARM.ActiveCfg = Release|Any CPU
		{AB9D86FB-993D-48B6-9A1A-D3BF6FE2D14F}.AppStore|ARM.Build.0 = Release|Any CPU
		{AB9D86FB-993D-48B6-9A1A-D3BF6FE2D14F}.AppStore|ARM.Deploy.0 = Release|Any CPU
		{AB9D86FB-993D-48B6-9A1A-D3BF6FE2D14F}.AppStore|iPhone.ActiveCfg = Release|Any CPU
		{AB9D86FB-993D-48B6-9A1A-D3BF6FE2D14F}.AppStore|iPhone.Build.0 = Release|Any CPU
		{AB9D86FB-993D-48B6-9A1A-D3BF6FE2D14F}.AppStore|iPhone.Deploy.0 = Release|Any CPU
		{AB9D86FB-993D-48B6-9A1A-D3BF6FE2D14F}.AppStore|iPhoneSimulator.ActiveCfg = Release|Any CPU
		{AB9D86FB-993D-48B6-9A1A-D3BF6FE2D14F}.AppStore|iPhoneSimulator.Build.0 = Release|Any CPU
		{AB9D86FB-993D-48B6-9A1A-D3BF6FE2D14F}.AppStore|iPhoneSimulator.Deploy.0 = Release|Any CPU
		{AB9D86FB-993D-48B6-9A1A-D3BF6FE2D14F}.AppStore|x64.ActiveCfg = Release|Any CPU
		{AB9D86FB-993D-48B6-9A1A-D3BF6FE2D14F}.AppStore|x64.Build.0 = Release|Any CPU
		{AB9D86FB-993D-48B6-9A1A-D3BF6FE2D14F}.AppStore|x64.Deploy.0 = Release|Any CPU
		{AB9D86FB-993D-48B6-9A1A-D3BF6FE2D14F}.AppStore|x86.ActiveCfg = Release|Any CPU
		{AB9D86FB-993D-48B6-9A1A-D3BF6FE2D14F}.AppStore|x86.Build.0 = Release|Any CPU
		{AB9D86FB-993D-48B6-9A1A-D3BF6FE2D14F}.AppStore|x86.Deploy.0 = Release|Any CPU
		{AB9D86FB-993D-48B6-9A1A-D3BF6FE2D14F}.Debug|Any CPU.ActiveCfg = Debug|Any CPU
		{AB9D86FB-993D-48B6-9A1A-D3BF6FE2D14F}.Debug|Any CPU.Build.0 = Debug|Any CPU
		{AB9D86FB-993D-48B6-9A1A-D3BF6FE2D14F}.Debug|Any CPU.Deploy.0 = Debug|Any CPU
		{AB9D86FB-993D-48B6-9A1A-D3BF6FE2D14F}.Debug|ARM.ActiveCfg = Debug|Any CPU
		{AB9D86FB-993D-48B6-9A1A-D3BF6FE2D14F}.Debug|ARM.Build.0 = Debug|Any CPU
		{AB9D86FB-993D-48B6-9A1A-D3BF6FE2D14F}.Debug|ARM.Deploy.0 = Debug|Any CPU
		{AB9D86FB-993D-48B6-9A1A-D3BF6FE2D14F}.Debug|iPhone.ActiveCfg = Debug|Any CPU
		{AB9D86FB-993D-48B6-9A1A-D3BF6FE2D14F}.Debug|iPhone.Build.0 = Debug|Any CPU
		{AB9D86FB-993D-48B6-9A1A-D3BF6FE2D14F}.Debug|iPhone.Deploy.0 = Debug|Any CPU
		{AB9D86FB-993D-48B6-9A1A-D3BF6FE2D14F}.Debug|iPhoneSimulator.ActiveCfg = Debug|Any CPU
		{AB9D86FB-993D-48B6-9A1A-D3BF6FE2D14F}.Debug|iPhoneSimulator.Build.0 = Debug|Any CPU
		{AB9D86FB-993D-48B6-9A1A-D3BF6FE2D14F}.Debug|iPhoneSimulator.Deploy.0 = Debug|Any CPU
		{AB9D86FB-993D-48B6-9A1A-D3BF6FE2D14F}.Debug|x64.ActiveCfg = Debug|Any CPU
		{AB9D86FB-993D-48B6-9A1A-D3BF6FE2D14F}.Debug|x64.Build.0 = Debug|Any CPU
		{AB9D86FB-993D-48B6-9A1A-D3BF6FE2D14F}.Debug|x64.Deploy.0 = Debug|Any CPU
		{AB9D86FB-993D-48B6-9A1A-D3BF6FE2D14F}.Debug|x86.ActiveCfg = Debug|Any CPU
		{AB9D86FB-993D-48B6-9A1A-D3BF6FE2D14F}.Debug|x86.Build.0 = Debug|Any CPU
		{AB9D86FB-993D-48B6-9A1A-D3BF6FE2D14F}.Debug|x86.Deploy.0 = Debug|Any CPU
		{AB9D86FB-993D-48B6-9A1A-D3BF6FE2D14F}.Release|Any CPU.ActiveCfg = Release|Any CPU
		{AB9D86FB-993D-48B6-9A1A-D3BF6FE2D14F}.Release|Any CPU.Build.0 = Release|Any CPU
		{AB9D86FB-993D-48B6-9A1A-D3BF6FE2D14F}.Release|Any CPU.Deploy.0 = Release|Any CPU
		{AB9D86FB-993D-48B6-9A1A-D3BF6FE2D14F}.Release|ARM.ActiveCfg = Release|Any CPU
		{AB9D86FB-993D-48B6-9A1A-D3BF6FE2D14F}.Release|ARM.Build.0 = Release|Any CPU
		{AB9D86FB-993D-48B6-9A1A-D3BF6FE2D14F}.Release|ARM.Deploy.0 = Release|Any CPU
		{AB9D86FB-993D-48B6-9A1A-D3BF6FE2D14F}.Release|iPhone.ActiveCfg = Release|Any CPU
		{AB9D86FB-993D-48B6-9A1A-D3BF6FE2D14F}.Release|iPhone.Build.0 = Release|Any CPU
		{AB9D86FB-993D-48B6-9A1A-D3BF6FE2D14F}.Release|iPhone.Deploy.0 = Release|Any CPU
		{AB9D86FB-993D-48B6-9A1A-D3BF6FE2D14F}.Release|iPhoneSimulator.ActiveCfg = Release|Any CPU
		{AB9D86FB-993D-48B6-9A1A-D3BF6FE2D14F}.Release|iPhoneSimulator.Build.0 = Release|Any CPU
		{AB9D86FB-993D-48B6-9A1A-D3BF6FE2D14F}.Release|iPhoneSimulator.Deploy.0 = Release|Any CPU
		{AB9D86FB-993D-48B6-9A1A-D3BF6FE2D14F}.Release|x64.ActiveCfg = Release|Any CPU
		{AB9D86FB-993D-48B6-9A1A-D3BF6FE2D14F}.Release|x64.Build.0 = Release|Any CPU
		{AB9D86FB-993D-48B6-9A1A-D3BF6FE2D14F}.Release|x64.Deploy.0 = Release|Any CPU
		{AB9D86FB-993D-48B6-9A1A-D3BF6FE2D14F}.Release|x86.ActiveCfg = Release|Any CPU
		{AB9D86FB-993D-48B6-9A1A-D3BF6FE2D14F}.Release|x86.Build.0 = Release|Any CPU
		{AB9D86FB-993D-48B6-9A1A-D3BF6FE2D14F}.Release|x86.Deploy.0 = Release|Any CPU
		{D96933D4-A21E-4ED0-8B06-CDFA00DD8378}.Ad-Hoc|Any CPU.ActiveCfg = Ad-Hoc|iPhone
		{D96933D4-A21E-4ED0-8B06-CDFA00DD8378}.Ad-Hoc|ARM.ActiveCfg = Ad-Hoc|iPhone
		{D96933D4-A21E-4ED0-8B06-CDFA00DD8378}.Ad-Hoc|iPhone.ActiveCfg = Ad-Hoc|iPhone
		{D96933D4-A21E-4ED0-8B06-CDFA00DD8378}.Ad-Hoc|iPhone.Build.0 = Ad-Hoc|iPhone
		{D96933D4-A21E-4ED0-8B06-CDFA00DD8378}.Ad-Hoc|iPhoneSimulator.ActiveCfg = Ad-Hoc|iPhoneSimulator
		{D96933D4-A21E-4ED0-8B06-CDFA00DD8378}.Ad-Hoc|iPhoneSimulator.Build.0 = Ad-Hoc|iPhoneSimulator
		{D96933D4-A21E-4ED0-8B06-CDFA00DD8378}.Ad-Hoc|x64.ActiveCfg = Ad-Hoc|iPhone
		{D96933D4-A21E-4ED0-8B06-CDFA00DD8378}.Ad-Hoc|x86.ActiveCfg = Ad-Hoc|iPhone
		{D96933D4-A21E-4ED0-8B06-CDFA00DD8378}.AppStore|Any CPU.ActiveCfg = AppStore|iPhone
		{D96933D4-A21E-4ED0-8B06-CDFA00DD8378}.AppStore|ARM.ActiveCfg = AppStore|iPhone
		{D96933D4-A21E-4ED0-8B06-CDFA00DD8378}.AppStore|iPhone.ActiveCfg = AppStore|iPhone
		{D96933D4-A21E-4ED0-8B06-CDFA00DD8378}.AppStore|iPhone.Build.0 = AppStore|iPhone
		{D96933D4-A21E-4ED0-8B06-CDFA00DD8378}.AppStore|iPhoneSimulator.ActiveCfg = AppStore|iPhoneSimulator
		{D96933D4-A21E-4ED0-8B06-CDFA00DD8378}.AppStore|iPhoneSimulator.Build.0 = AppStore|iPhoneSimulator
		{D96933D4-A21E-4ED0-8B06-CDFA00DD8378}.AppStore|x64.ActiveCfg = AppStore|iPhone
		{D96933D4-A21E-4ED0-8B06-CDFA00DD8378}.AppStore|x86.ActiveCfg = AppStore|iPhone
		{D96933D4-A21E-4ED0-8B06-CDFA00DD8378}.Debug|Any CPU.ActiveCfg = Debug|iPhone
		{D96933D4-A21E-4ED0-8B06-CDFA00DD8378}.Debug|ARM.ActiveCfg = Debug|iPhone
		{D96933D4-A21E-4ED0-8B06-CDFA00DD8378}.Debug|iPhone.ActiveCfg = Debug|iPhone
		{D96933D4-A21E-4ED0-8B06-CDFA00DD8378}.Debug|iPhone.Build.0 = Debug|iPhone
		{D96933D4-A21E-4ED0-8B06-CDFA00DD8378}.Debug|iPhoneSimulator.ActiveCfg = Debug|iPhoneSimulator
		{D96933D4-A21E-4ED0-8B06-CDFA00DD8378}.Debug|iPhoneSimulator.Build.0 = Debug|iPhoneSimulator
		{D96933D4-A21E-4ED0-8B06-CDFA00DD8378}.Debug|x64.ActiveCfg = Debug|iPhone
		{D96933D4-A21E-4ED0-8B06-CDFA00DD8378}.Debug|x86.ActiveCfg = Debug|iPhone
		{D96933D4-A21E-4ED0-8B06-CDFA00DD8378}.Release|Any CPU.ActiveCfg = Release|iPhone
		{D96933D4-A21E-4ED0-8B06-CDFA00DD8378}.Release|ARM.ActiveCfg = Release|iPhone
		{D96933D4-A21E-4ED0-8B06-CDFA00DD8378}.Release|iPhone.ActiveCfg = Release|iPhone
		{D96933D4-A21E-4ED0-8B06-CDFA00DD8378}.Release|iPhone.Build.0 = Release|iPhone
		{D96933D4-A21E-4ED0-8B06-CDFA00DD8378}.Release|iPhoneSimulator.ActiveCfg = Release|iPhoneSimulator
		{D96933D4-A21E-4ED0-8B06-CDFA00DD8378}.Release|iPhoneSimulator.Build.0 = Release|iPhoneSimulator
		{D96933D4-A21E-4ED0-8B06-CDFA00DD8378}.Release|x64.ActiveCfg = Release|iPhone
		{D96933D4-A21E-4ED0-8B06-CDFA00DD8378}.Release|x86.ActiveCfg = Release|iPhone
		{58860A80-9AB8-4202-87B9-DAD6180AA1F5}.Ad-Hoc|Any CPU.ActiveCfg = Release|x64
		{58860A80-9AB8-4202-87B9-DAD6180AA1F5}.Ad-Hoc|Any CPU.Build.0 = Release|x64
		{58860A80-9AB8-4202-87B9-DAD6180AA1F5}.Ad-Hoc|Any CPU.Deploy.0 = Release|x64
		{58860A80-9AB8-4202-87B9-DAD6180AA1F5}.Ad-Hoc|ARM.ActiveCfg = Release|ARM
		{58860A80-9AB8-4202-87B9-DAD6180AA1F5}.Ad-Hoc|ARM.Build.0 = Release|ARM
		{58860A80-9AB8-4202-87B9-DAD6180AA1F5}.Ad-Hoc|ARM.Deploy.0 = Release|ARM
		{58860A80-9AB8-4202-87B9-DAD6180AA1F5}.Ad-Hoc|iPhone.ActiveCfg = Release|x64
		{58860A80-9AB8-4202-87B9-DAD6180AA1F5}.Ad-Hoc|iPhone.Build.0 = Release|x64
		{58860A80-9AB8-4202-87B9-DAD6180AA1F5}.Ad-Hoc|iPhone.Deploy.0 = Release|x64
		{58860A80-9AB8-4202-87B9-DAD6180AA1F5}.Ad-Hoc|iPhoneSimulator.ActiveCfg = Release|x64
		{58860A80-9AB8-4202-87B9-DAD6180AA1F5}.Ad-Hoc|iPhoneSimulator.Build.0 = Release|x64
		{58860A80-9AB8-4202-87B9-DAD6180AA1F5}.Ad-Hoc|iPhoneSimulator.Deploy.0 = Release|x64
		{58860A80-9AB8-4202-87B9-DAD6180AA1F5}.Ad-Hoc|x64.ActiveCfg = Release|x64
		{58860A80-9AB8-4202-87B9-DAD6180AA1F5}.Ad-Hoc|x64.Build.0 = Release|x64
		{58860A80-9AB8-4202-87B9-DAD6180AA1F5}.Ad-Hoc|x64.Deploy.0 = Release|x64
		{58860A80-9AB8-4202-87B9-DAD6180AA1F5}.Ad-Hoc|x86.ActiveCfg = Release|x86
		{58860A80-9AB8-4202-87B9-DAD6180AA1F5}.Ad-Hoc|x86.Build.0 = Release|x86
		{58860A80-9AB8-4202-87B9-DAD6180AA1F5}.Ad-Hoc|x86.Deploy.0 = Release|x86
		{58860A80-9AB8-4202-87B9-DAD6180AA1F5}.AppStore|Any CPU.ActiveCfg = Release|x64
		{58860A80-9AB8-4202-87B9-DAD6180AA1F5}.AppStore|Any CPU.Build.0 = Release|x64
		{58860A80-9AB8-4202-87B9-DAD6180AA1F5}.AppStore|Any CPU.Deploy.0 = Release|x64
		{58860A80-9AB8-4202-87B9-DAD6180AA1F5}.AppStore|ARM.ActiveCfg = Release|ARM
		{58860A80-9AB8-4202-87B9-DAD6180AA1F5}.AppStore|ARM.Build.0 = Release|ARM
		{58860A80-9AB8-4202-87B9-DAD6180AA1F5}.AppStore|ARM.Deploy.0 = Release|ARM
		{58860A80-9AB8-4202-87B9-DAD6180AA1F5}.AppStore|iPhone.ActiveCfg = Release|x64
		{58860A80-9AB8-4202-87B9-DAD6180AA1F5}.AppStore|iPhone.Build.0 = Release|x64
		{58860A80-9AB8-4202-87B9-DAD6180AA1F5}.AppStore|iPhone.Deploy.0 = Release|x64
		{58860A80-9AB8-4202-87B9-DAD6180AA1F5}.AppStore|iPhoneSimulator.ActiveCfg = Release|x64
		{58860A80-9AB8-4202-87B9-DAD6180AA1F5}.AppStore|iPhoneSimulator.Build.0 = Release|x64
		{58860A80-9AB8-4202-87B9-DAD6180AA1F5}.AppStore|iPhoneSimulator.Deploy.0 = Release|x64
		{58860A80-9AB8-4202-87B9-DAD6180AA1F5}.AppStore|x64.ActiveCfg = Release|x64
		{58860A80-9AB8-4202-87B9-DAD6180AA1F5}.AppStore|x64.Build.0 = Release|x64
		{58860A80-9AB8-4202-87B9-DAD6180AA1F5}.AppStore|x64.Deploy.0 = Release|x64
		{58860A80-9AB8-4202-87B9-DAD6180AA1F5}.AppStore|x86.ActiveCfg = Release|x86
		{58860A80-9AB8-4202-87B9-DAD6180AA1F5}.AppStore|x86.Build.0 = Release|x86
		{58860A80-9AB8-4202-87B9-DAD6180AA1F5}.AppStore|x86.Deploy.0 = Release|x86
		{58860A80-9AB8-4202-87B9-DAD6180AA1F5}.Debug|Any CPU.ActiveCfg = Debug|x86
		{58860A80-9AB8-4202-87B9-DAD6180AA1F5}.Debug|Any CPU.Build.0 = Debug|x86
		{58860A80-9AB8-4202-87B9-DAD6180AA1F5}.Debug|Any CPU.Deploy.0 = Debug|x86
		{58860A80-9AB8-4202-87B9-DAD6180AA1F5}.Debug|ARM.ActiveCfg = Debug|ARM
		{58860A80-9AB8-4202-87B9-DAD6180AA1F5}.Debug|ARM.Build.0 = Debug|ARM
		{58860A80-9AB8-4202-87B9-DAD6180AA1F5}.Debug|ARM.Deploy.0 = Debug|ARM
		{58860A80-9AB8-4202-87B9-DAD6180AA1F5}.Debug|iPhone.ActiveCfg = Debug|x86
		{58860A80-9AB8-4202-87B9-DAD6180AA1F5}.Debug|iPhoneSimulator.ActiveCfg = Debug|x86
		{58860A80-9AB8-4202-87B9-DAD6180AA1F5}.Debug|x64.ActiveCfg = Debug|x64
		{58860A80-9AB8-4202-87B9-DAD6180AA1F5}.Debug|x64.Build.0 = Debug|x64
		{58860A80-9AB8-4202-87B9-DAD6180AA1F5}.Debug|x64.Deploy.0 = Debug|x64
		{58860A80-9AB8-4202-87B9-DAD6180AA1F5}.Debug|x86.ActiveCfg = Debug|x86
		{58860A80-9AB8-4202-87B9-DAD6180AA1F5}.Debug|x86.Build.0 = Debug|x86
		{58860A80-9AB8-4202-87B9-DAD6180AA1F5}.Debug|x86.Deploy.0 = Debug|x86
		{58860A80-9AB8-4202-87B9-DAD6180AA1F5}.Release|Any CPU.ActiveCfg = Release|x86
		{58860A80-9AB8-4202-87B9-DAD6180AA1F5}.Release|ARM.ActiveCfg = Release|ARM
		{58860A80-9AB8-4202-87B9-DAD6180AA1F5}.Release|ARM.Build.0 = Release|ARM
		{58860A80-9AB8-4202-87B9-DAD6180AA1F5}.Release|ARM.Deploy.0 = Release|ARM
		{58860A80-9AB8-4202-87B9-DAD6180AA1F5}.Release|iPhone.ActiveCfg = Release|x86
		{58860A80-9AB8-4202-87B9-DAD6180AA1F5}.Release|iPhoneSimulator.ActiveCfg = Release|x86
		{58860A80-9AB8-4202-87B9-DAD6180AA1F5}.Release|x64.ActiveCfg = Release|x64
		{58860A80-9AB8-4202-87B9-DAD6180AA1F5}.Release|x64.Build.0 = Release|x64
		{58860A80-9AB8-4202-87B9-DAD6180AA1F5}.Release|x64.Deploy.0 = Release|x64
		{58860A80-9AB8-4202-87B9-DAD6180AA1F5}.Release|x86.ActiveCfg = Release|x86
		{58860A80-9AB8-4202-87B9-DAD6180AA1F5}.Release|x86.Build.0 = Release|x86
		{58860A80-9AB8-4202-87B9-DAD6180AA1F5}.Release|x86.Deploy.0 = Release|x86
		{9AFF3037-E4BD-4101-84E9-953B93803EAE}.Ad-Hoc|Any CPU.ActiveCfg = Debug|Any CPU
		{9AFF3037-E4BD-4101-84E9-953B93803EAE}.Ad-Hoc|Any CPU.Build.0 = Debug|Any CPU
		{9AFF3037-E4BD-4101-84E9-953B93803EAE}.Ad-Hoc|ARM.ActiveCfg = Debug|Any CPU
		{9AFF3037-E4BD-4101-84E9-953B93803EAE}.Ad-Hoc|ARM.Build.0 = Debug|Any CPU
		{9AFF3037-E4BD-4101-84E9-953B93803EAE}.Ad-Hoc|iPhone.ActiveCfg = Debug|Any CPU
		{9AFF3037-E4BD-4101-84E9-953B93803EAE}.Ad-Hoc|iPhone.Build.0 = Debug|Any CPU
		{9AFF3037-E4BD-4101-84E9-953B93803EAE}.Ad-Hoc|iPhoneSimulator.ActiveCfg = Debug|Any CPU
		{9AFF3037-E4BD-4101-84E9-953B93803EAE}.Ad-Hoc|iPhoneSimulator.Build.0 = Debug|Any CPU
		{9AFF3037-E4BD-4101-84E9-953B93803EAE}.Ad-Hoc|x64.ActiveCfg = Debug|Any CPU
		{9AFF3037-E4BD-4101-84E9-953B93803EAE}.Ad-Hoc|x64.Build.0 = Debug|Any CPU
		{9AFF3037-E4BD-4101-84E9-953B93803EAE}.Ad-Hoc|x86.ActiveCfg = Debug|Any CPU
		{9AFF3037-E4BD-4101-84E9-953B93803EAE}.Ad-Hoc|x86.Build.0 = Debug|Any CPU
		{9AFF3037-E4BD-4101-84E9-953B93803EAE}.AppStore|Any CPU.ActiveCfg = Debug|Any CPU
		{9AFF3037-E4BD-4101-84E9-953B93803EAE}.AppStore|Any CPU.Build.0 = Debug|Any CPU
		{9AFF3037-E4BD-4101-84E9-953B93803EAE}.AppStore|ARM.ActiveCfg = Debug|Any CPU
		{9AFF3037-E4BD-4101-84E9-953B93803EAE}.AppStore|ARM.Build.0 = Debug|Any CPU
		{9AFF3037-E4BD-4101-84E9-953B93803EAE}.AppStore|iPhone.ActiveCfg = Debug|Any CPU
		{9AFF3037-E4BD-4101-84E9-953B93803EAE}.AppStore|iPhone.Build.0 = Debug|Any CPU
		{9AFF3037-E4BD-4101-84E9-953B93803EAE}.AppStore|iPhoneSimulator.ActiveCfg = Debug|Any CPU
		{9AFF3037-E4BD-4101-84E9-953B93803EAE}.AppStore|iPhoneSimulator.Build.0 = Debug|Any CPU
		{9AFF3037-E4BD-4101-84E9-953B93803EAE}.AppStore|x64.ActiveCfg = Debug|Any CPU
		{9AFF3037-E4BD-4101-84E9-953B93803EAE}.AppStore|x64.Build.0 = Debug|Any CPU
		{9AFF3037-E4BD-4101-84E9-953B93803EAE}.AppStore|x86.ActiveCfg = Debug|Any CPU
		{9AFF3037-E4BD-4101-84E9-953B93803EAE}.AppStore|x86.Build.0 = Debug|Any CPU
		{9AFF3037-E4BD-4101-84E9-953B93803EAE}.Debug|Any CPU.ActiveCfg = Debug|Any CPU
		{9AFF3037-E4BD-4101-84E9-953B93803EAE}.Debug|Any CPU.Build.0 = Debug|Any CPU
		{9AFF3037-E4BD-4101-84E9-953B93803EAE}.Debug|ARM.ActiveCfg = Debug|Any CPU
		{9AFF3037-E4BD-4101-84E9-953B93803EAE}.Debug|ARM.Build.0 = Debug|Any CPU
		{9AFF3037-E4BD-4101-84E9-953B93803EAE}.Debug|iPhone.ActiveCfg = Debug|Any CPU
		{9AFF3037-E4BD-4101-84E9-953B93803EAE}.Debug|iPhone.Build.0 = Debug|Any CPU
		{9AFF3037-E4BD-4101-84E9-953B93803EAE}.Debug|iPhoneSimulator.ActiveCfg = Debug|Any CPU
		{9AFF3037-E4BD-4101-84E9-953B93803EAE}.Debug|iPhoneSimulator.Build.0 = Debug|Any CPU
		{9AFF3037-E4BD-4101-84E9-953B93803EAE}.Debug|x64.ActiveCfg = Debug|Any CPU
		{9AFF3037-E4BD-4101-84E9-953B93803EAE}.Debug|x64.Build.0 = Debug|Any CPU
		{9AFF3037-E4BD-4101-84E9-953B93803EAE}.Debug|x86.ActiveCfg = Debug|Any CPU
		{9AFF3037-E4BD-4101-84E9-953B93803EAE}.Debug|x86.Build.0 = Debug|Any CPU
		{9AFF3037-E4BD-4101-84E9-953B93803EAE}.Release|Any CPU.ActiveCfg = Release|Any CPU
		{9AFF3037-E4BD-4101-84E9-953B93803EAE}.Release|Any CPU.Build.0 = Release|Any CPU
		{9AFF3037-E4BD-4101-84E9-953B93803EAE}.Release|ARM.ActiveCfg = Release|Any CPU
		{9AFF3037-E4BD-4101-84E9-953B93803EAE}.Release|ARM.Build.0 = Release|Any CPU
		{9AFF3037-E4BD-4101-84E9-953B93803EAE}.Release|iPhone.ActiveCfg = Release|Any CPU
		{9AFF3037-E4BD-4101-84E9-953B93803EAE}.Release|iPhone.Build.0 = Release|Any CPU
		{9AFF3037-E4BD-4101-84E9-953B93803EAE}.Release|iPhoneSimulator.ActiveCfg = Release|Any CPU
		{9AFF3037-E4BD-4101-84E9-953B93803EAE}.Release|iPhoneSimulator.Build.0 = Release|Any CPU
		{9AFF3037-E4BD-4101-84E9-953B93803EAE}.Release|x64.ActiveCfg = Release|Any CPU
		{9AFF3037-E4BD-4101-84E9-953B93803EAE}.Release|x64.Build.0 = Release|Any CPU
		{9AFF3037-E4BD-4101-84E9-953B93803EAE}.Release|x86.ActiveCfg = Release|Any CPU
		{9AFF3037-E4BD-4101-84E9-953B93803EAE}.Release|x86.Build.0 = Release|Any CPU
		{3B02FF83-ED49-43E7-B094-A5B12C30A61E}.Ad-Hoc|Any CPU.ActiveCfg = Debug|Any CPU
		{3B02FF83-ED49-43E7-B094-A5B12C30A61E}.Ad-Hoc|Any CPU.Build.0 = Debug|Any CPU
		{3B02FF83-ED49-43E7-B094-A5B12C30A61E}.Ad-Hoc|ARM.ActiveCfg = Debug|Any CPU
		{3B02FF83-ED49-43E7-B094-A5B12C30A61E}.Ad-Hoc|ARM.Build.0 = Debug|Any CPU
		{3B02FF83-ED49-43E7-B094-A5B12C30A61E}.Ad-Hoc|iPhone.ActiveCfg = Debug|Any CPU
		{3B02FF83-ED49-43E7-B094-A5B12C30A61E}.Ad-Hoc|iPhone.Build.0 = Debug|Any CPU
		{3B02FF83-ED49-43E7-B094-A5B12C30A61E}.Ad-Hoc|iPhoneSimulator.ActiveCfg = Debug|Any CPU
		{3B02FF83-ED49-43E7-B094-A5B12C30A61E}.Ad-Hoc|iPhoneSimulator.Build.0 = Debug|Any CPU
		{3B02FF83-ED49-43E7-B094-A5B12C30A61E}.Ad-Hoc|x64.ActiveCfg = Debug|Any CPU
		{3B02FF83-ED49-43E7-B094-A5B12C30A61E}.Ad-Hoc|x64.Build.0 = Debug|Any CPU
		{3B02FF83-ED49-43E7-B094-A5B12C30A61E}.Ad-Hoc|x86.ActiveCfg = Debug|Any CPU
		{3B02FF83-ED49-43E7-B094-A5B12C30A61E}.Ad-Hoc|x86.Build.0 = Debug|Any CPU
		{3B02FF83-ED49-43E7-B094-A5B12C30A61E}.AppStore|Any CPU.ActiveCfg = Debug|Any CPU
		{3B02FF83-ED49-43E7-B094-A5B12C30A61E}.AppStore|Any CPU.Build.0 = Debug|Any CPU
		{3B02FF83-ED49-43E7-B094-A5B12C30A61E}.AppStore|ARM.ActiveCfg = Debug|Any CPU
		{3B02FF83-ED49-43E7-B094-A5B12C30A61E}.AppStore|ARM.Build.0 = Debug|Any CPU
		{3B02FF83-ED49-43E7-B094-A5B12C30A61E}.AppStore|iPhone.ActiveCfg = Debug|Any CPU
		{3B02FF83-ED49-43E7-B094-A5B12C30A61E}.AppStore|iPhone.Build.0 = Debug|Any CPU
		{3B02FF83-ED49-43E7-B094-A5B12C30A61E}.AppStore|iPhoneSimulator.ActiveCfg = Debug|Any CPU
		{3B02FF83-ED49-43E7-B094-A5B12C30A61E}.AppStore|iPhoneSimulator.Build.0 = Debug|Any CPU
		{3B02FF83-ED49-43E7-B094-A5B12C30A61E}.AppStore|x64.ActiveCfg = Debug|Any CPU
		{3B02FF83-ED49-43E7-B094-A5B12C30A61E}.AppStore|x64.Build.0 = Debug|Any CPU
		{3B02FF83-ED49-43E7-B094-A5B12C30A61E}.AppStore|x86.ActiveCfg = Debug|Any CPU
		{3B02FF83-ED49-43E7-B094-A5B12C30A61E}.AppStore|x86.Build.0 = Debug|Any CPU
		{3B02FF83-ED49-43E7-B094-A5B12C30A61E}.Debug|Any CPU.ActiveCfg = Debug|Any CPU
		{3B02FF83-ED49-43E7-B094-A5B12C30A61E}.Debug|Any CPU.Build.0 = Debug|Any CPU
		{3B02FF83-ED49-43E7-B094-A5B12C30A61E}.Debug|ARM.ActiveCfg = Debug|Any CPU
		{3B02FF83-ED49-43E7-B094-A5B12C30A61E}.Debug|ARM.Build.0 = Debug|Any CPU
		{3B02FF83-ED49-43E7-B094-A5B12C30A61E}.Debug|iPhone.ActiveCfg = Debug|Any CPU
		{3B02FF83-ED49-43E7-B094-A5B12C30A61E}.Debug|iPhone.Build.0 = Debug|Any CPU
		{3B02FF83-ED49-43E7-B094-A5B12C30A61E}.Debug|iPhoneSimulator.ActiveCfg = Debug|Any CPU
		{3B02FF83-ED49-43E7-B094-A5B12C30A61E}.Debug|iPhoneSimulator.Build.0 = Debug|Any CPU
		{3B02FF83-ED49-43E7-B094-A5B12C30A61E}.Debug|x64.ActiveCfg = Debug|Any CPU
		{3B02FF83-ED49-43E7-B094-A5B12C30A61E}.Debug|x64.Build.0 = Debug|Any CPU
		{3B02FF83-ED49-43E7-B094-A5B12C30A61E}.Debug|x86.ActiveCfg = Debug|Any CPU
		{3B02FF83-ED49-43E7-B094-A5B12C30A61E}.Debug|x86.Build.0 = Debug|Any CPU
		{3B02FF83-ED49-43E7-B094-A5B12C30A61E}.Release|Any CPU.ActiveCfg = Release|Any CPU
		{3B02FF83-ED49-43E7-B094-A5B12C30A61E}.Release|Any CPU.Build.0 = Release|Any CPU
		{3B02FF83-ED49-43E7-B094-A5B12C30A61E}.Release|ARM.ActiveCfg = Release|Any CPU
		{3B02FF83-ED49-43E7-B094-A5B12C30A61E}.Release|ARM.Build.0 = Release|Any CPU
		{3B02FF83-ED49-43E7-B094-A5B12C30A61E}.Release|iPhone.ActiveCfg = Release|Any CPU
		{3B02FF83-ED49-43E7-B094-A5B12C30A61E}.Release|iPhone.Build.0 = Release|Any CPU
		{3B02FF83-ED49-43E7-B094-A5B12C30A61E}.Release|iPhoneSimulator.ActiveCfg = Release|Any CPU
		{3B02FF83-ED49-43E7-B094-A5B12C30A61E}.Release|iPhoneSimulator.Build.0 = Release|Any CPU
		{3B02FF83-ED49-43E7-B094-A5B12C30A61E}.Release|x64.ActiveCfg = Release|Any CPU
		{3B02FF83-ED49-43E7-B094-A5B12C30A61E}.Release|x64.Build.0 = Release|Any CPU
		{3B02FF83-ED49-43E7-B094-A5B12C30A61E}.Release|x86.ActiveCfg = Release|Any CPU
		{3B02FF83-ED49-43E7-B094-A5B12C30A61E}.Release|x86.Build.0 = Release|Any CPU
	EndGlobalSection
	GlobalSection(SolutionProperties) = preSolution
		HideSolutionNode = FALSE
	EndGlobalSection
	GlobalSection(ExtensibilityGlobals) = postSolution
		SolutionGuid = {EAB31289-7372-4361-93FE-2BCB63E9AD71}
	EndGlobalSection
EndGlobal
